
Microsoft Visual Studio Solution File, Format Version 12.00
# Visual Studio Version 17
VisualStudioVersion = 17.14.36511.14 d17.14
MinimumVisualStudioVersion = 10.0.40219.1
Project("{FAE04EC0-301F-11D3-BF4B-00C04F79EFBC}") = "Task2", "Task2.csproj", "{E1DDA278-E6F2-4AF8-9D6B-C3E62E0C4313}"
EndProject
Global
	GlobalSection(SolutionConfigurationPlatforms) = preSolution
		Debug|Any CPU = Debug|Any CPU
		Release|Any CPU = Release|Any CPU
	EndGlobalSection
	GlobalSection(ProjectConfigurationPlatforms) = postSolution
		{E1DDA278-E6F2-4AF8-9D6B-C3E62E0C4313}.Debug|Any CPU.ActiveCfg = Debug|Any CPU
		{E1DDA278-E6F2-4AF8-9D6B-C3E62E0C4313}.Debug|Any CPU.Build.0 = Debug|Any CPU
		{E1DDA278-E6F2-4AF8-9D6B-C3E62E0C4313}.Release|Any CPU.ActiveCfg = Release|Any CPU
		{E1DDA278-E6F2-4AF8-9D6B-C3E62E0C4313}.Release|Any CPU.Build.0 = Release|Any CPU
	EndGlobalSection
	GlobalSection(SolutionProperties) = preSolution
		HideSolutionNode = FALSE
	EndGlobalSection
	GlobalSection(ExtensibilityGlobals) = postSolution
		SolutionGuid = {B3FC9726-F6A6-443D-823F-6EFA565D7A91}
	EndGlobalSection
EndGlobal
