
Microsoft Visual Studio Solution File, Format Version 12.00
# Visual Studio Version 17
VisualStudioVersion = 17.14.36511.14 d17.14
MinimumVisualStudioVersion = 10.0.40219.1
Project("{FAE04EC0-301F-11D3-BF4B-00C04F79EFBC}") = "Task1-2", "Task1-2.csproj", "{75B8EEA3-4694-4C35-AD3B-D799CDEC04D1}"
EndProject
Global
	GlobalSection(SolutionConfigurationPlatforms) = preSolution
		Debug|Any CPU = Debug|Any CPU
		Release|Any CPU = Release|Any CPU
	EndGlobalSection
	GlobalSection(ProjectConfigurationPlatforms) = postSolution
		{75B8EEA3-4694-4C35-AD3B-D799CDEC04D1}.Debug|Any CPU.ActiveCfg = Debug|Any CPU
		{75B8EEA3-4694-4C35-AD3B-D799CDEC04D1}.Debug|Any CPU.Build.0 = Debug|Any CPU
		{75B8EEA3-4694-4C35-AD3B-D799CDEC04D1}.Release|Any CPU.ActiveCfg = Release|Any CPU
		{75B8EEA3-4694-4C35-AD3B-D799CDEC04D1}.Release|Any CPU.Build.0 = Release|Any CPU
	EndGlobalSection
	GlobalSection(SolutionProperties) = preSolution
		HideSolutionNode = FALSE
	EndGlobalSection
	GlobalSection(ExtensibilityGlobals) = postSolution
		SolutionGuid = {2ECEC9A2-5695-4913-9E7D-B5386A01144A}
	EndGlobalSection
EndGlobal
