
Microsoft Visual Studio Solution File, Format Version 12.00
# Visual Studio Version 17
VisualStudioVersion = 17.14.36511.14 d17.14
MinimumVisualStudioVersion = 10.0.40219.1
Project("{FAE04EC0-301F-11D3-BF4B-00C04F79EFBC}") = "Task2", "Task2.csproj", "{472F5850-84D7-452A-8901-37897BECF370}"
EndProject
Global
	GlobalSection(SolutionConfigurationPlatforms) = preSolution
		Debug|Any CPU = Debug|Any CPU
		Release|Any CPU = Release|Any CPU
	EndGlobalSection
	GlobalSection(ProjectConfigurationPlatforms) = postSolution
		{472F5850-84D7-452A-8901-37897BECF370}.Debug|Any CPU.ActiveCfg = Debug|Any CPU
		{472F5850-84D7-452A-8901-37897BECF370}.Debug|Any CPU.Build.0 = Debug|Any CPU
		{472F5850-84D7-452A-8901-37897BECF370}.Release|Any CPU.ActiveCfg = Release|Any CPU
		{472F5850-84D7-452A-8901-37897BECF370}.Release|Any CPU.Build.0 = Release|Any CPU
	EndGlobalSection
	GlobalSection(SolutionProperties) = preSolution
		HideSolutionNode = FALSE
	EndGlobalSection
	GlobalSection(ExtensibilityGlobals) = postSolution
		SolutionGuid = {C3875BC7-ACA8-4D29-B730-95B61CB67B94}
	EndGlobalSection
EndGlobal
