
Microsoft Visual Studio Solution File, Format Version 12.00
# Visual Studio Version 17
VisualStudioVersion = 17.12.35707.178
MinimumVisualStudioVersion = 10.0.40219.1
Project("{FAE04EC0-301F-11D3-BF4B-00C04F79EFBC}") = "LR18_Task1", "LR18\LR18_Task1.csproj", "{3A8CB257-794D-4688-911F-1D805A83B50E}"
EndProject
Project("{2150E333-8FDC-42A3-9474-1A3956D46DE8}") = "Task1", "Task1", "{1CB0AA1A-396B-470E-B2B4-02A245FB0660}"
EndProject
Project("{2150E333-8FDC-42A3-9474-1A3956D46DE8}") = "Task2", "Task2", "{99D1B504-2D13-4F5A-B474-390A5D6F944D}"
EndProject
Project("{FAE04EC0-301F-11D3-BF4B-00C04F79EFBC}") = "Task2", "Task2\Task2.csproj", "{5715B12E-36DF-4DA9-B3AC-D09C2E8E2F34}"
EndProject
Global
	GlobalSection(SolutionConfigurationPlatforms) = preSolution
		Debug|Any CPU = Debug|Any CPU
		Release|Any CPU = Release|Any CPU
	EndGlobalSection
	GlobalSection(ProjectConfigurationPlatforms) = postSolution
		{3A8CB257-794D-4688-911F-1D805A83B50E}.Debug|Any CPU.ActiveCfg = Debug|Any CPU
		{3A8CB257-794D-4688-911F-1D805A83B50E}.Debug|Any CPU.Build.0 = Debug|Any CPU
		{3A8CB257-794D-4688-911F-1D805A83B50E}.Release|Any CPU.ActiveCfg = Release|Any CPU
		{3A8CB257-794D-4688-911F-1D805A83B50E}.Release|Any CPU.Build.0 = Release|Any CPU
		{5715B12E-36DF-4DA9-B3AC-D09C2E8E2F34}.Debug|Any CPU.ActiveCfg = Debug|Any CPU
		{5715B12E-36DF-4DA9-B3AC-D09C2E8E2F34}.Debug|Any CPU.Build.0 = Debug|Any CPU
		{5715B12E-36DF-4DA9-B3AC-D09C2E8E2F34}.Release|Any CPU.ActiveCfg = Release|Any CPU
		{5715B12E-36DF-4DA9-B3AC-D09C2E8E2F34}.Release|Any CPU.Build.0 = Release|Any CPU
	EndGlobalSection
	GlobalSection(SolutionProperties) = preSolution
		HideSolutionNode = FALSE
	EndGlobalSection
	GlobalSection(NestedProjects) = preSolution
		{3A8CB257-794D-4688-911F-1D805A83B50E} = {1CB0AA1A-396B-470E-B2B4-02A245FB0660}
		{5715B12E-36DF-4DA9-B3AC-D09C2E8E2F34} = {99D1B504-2D13-4F5A-B474-390A5D6F944D}
	EndGlobalSection
EndGlobal
